// !$*UTF8*$!
{
	archiveVersion = 1;
	classes = {
	};
	objectVersion = 55;
	objects = {

/* Begin PBXBuildFile section */
		FD0A57C828D7D259000347EA /* FavoritesViewModel.swift in Sources */ = {isa = PBXBuildFile; fileRef = FD0A57C728D7D259000347EA /* FavoritesViewModel.swift */; };
		FD42F95228FBB84100432616 /* PersistenceManager.swift in Sources */ = {isa = PBXBuildFile; fileRef = FD42F95128FBB84100432616 /* PersistenceManager.swift */; };
		FD651E6528E25A0000429B40 /* MenuViewModel.swift in Sources */ = {isa = PBXBuildFile; fileRef = FD651E6428E25A0000429B40 /* MenuViewModel.swift */; };
		FD7D7E7F28F0B98C00AC0DC7 /* Response.swift in Sources */ = {isa = PBXBuildFile; fileRef = FD7D7E7E28F0B98C00AC0DC7 /* Response.swift */; };
		FD7D7E8128F0BDDA00AC0DC7 /* NetworkManager.swift in Sources */ = {isa = PBXBuildFile; fileRef = FD7D7E8028F0BDDA00AC0DC7 /* NetworkManager.swift */; };
		FD9D7B0428B29DB7006D7862 /* GoodEatingApp.swift in Sources */ = {isa = PBXBuildFile; fileRef = FD9D7B0328B29DB7006D7862 /* GoodEatingApp.swift */; };
		FD9D7B0828B29DB9006D7862 /* Assets.xcassets in Resources */ = {isa = PBXBuildFile; fileRef = FD9D7B0728B29DB9006D7862 /* Assets.xcassets */; };
		FD9D7B0B28B29DB9006D7862 /* Preview Assets.xcassets in Resources */ = {isa = PBXBuildFile; fileRef = FD9D7B0A28B29DB9006D7862 /* Preview Assets.xcassets */; };
		FD9D7B1728B2B5C4006D7862 /* HomeView.swift in Sources */ = {isa = PBXBuildFile; fileRef = FD9D7B1628B2B5C4006D7862 /* HomeView.swift */; };
		FD9D7B1B28B2BE10006D7862 /* OnboardingView.swift in Sources */ = {isa = PBXBuildFile; fileRef = FD9D7B1A28B2BE10006D7862 /* OnboardingView.swift */; };
		FD9D7B2028B2C00B006D7862 /* TextViews.swift in Sources */ = {isa = PBXBuildFile; fileRef = FD9D7B1F28B2C00B006D7862 /* TextViews.swift */; };
		FD9D7B2228B2C30E006D7862 /* Constants.swift in Sources */ = {isa = PBXBuildFile; fileRef = FD9D7B2128B2C30E006D7862 /* Constants.swift */; };
		FDA813E228CD813100EF83B9 /* MenuItemCell.swift in Sources */ = {isa = PBXBuildFile; fileRef = FDA813E128CD813100EF83B9 /* MenuItemCell.swift */; };
		FDA813E428CD924800EF83B9 /* DetailView.swift in Sources */ = {isa = PBXBuildFile; fileRef = FDA813E328CD924800EF83B9 /* DetailView.swift */; };
		FDBD3EF628D795F7008362A6 /* AppTabView.swift in Sources */ = {isa = PBXBuildFile; fileRef = FDBD3EF528D795F7008362A6 /* AppTabView.swift */; };
		FDBD3EFA28D79621008362A6 /* OrderView.swift in Sources */ = {isa = PBXBuildFile; fileRef = FDBD3EF928D79621008362A6 /* OrderView.swift */; };
		FDBD3EFC28D797D8008362A6 /* FavoritesView.swift in Sources */ = {isa = PBXBuildFile; fileRef = FDBD3EFB28D797D8008362A6 /* FavoritesView.swift */; };
		FDDA8C7328C893C600EFC570 /* Menu.swift in Sources */ = {isa = PBXBuildFile; fileRef = FDDA8C7228C893C600EFC570 /* Menu.swift */; };
		FDDA8C7528C893E500EFC570 /* OrderViewModel.swift in Sources */ = {isa = PBXBuildFile; fileRef = FDDA8C7428C893E500EFC570 /* OrderViewModel.swift */; };
		FDDC5F1228F34D8000EDC17B /* Launch Screen.storyboard in Resources */ = {isa = PBXBuildFile; fileRef = FDDC5F1128F34D8000EDC17B /* Launch Screen.storyboard */; };
		FDDC5F1528F3507300EDC17B /* AppTabViewModel.swift in Sources */ = {isa = PBXBuildFile; fileRef = FDDC5F1428F3507300EDC17B /* AppTabViewModel.swift */; };
/* End PBXBuildFile section */

/* Begin PBXFileReference section */
		FD0A57C728D7D259000347EA /* FavoritesViewModel.swift */ = {isa = PBXFileReference; lastKnownFileType = sourcecode.swift; path = FavoritesViewModel.swift; sourceTree = "<group>"; };
		FD42F95128FBB84100432616 /* PersistenceManager.swift */ = {isa = PBXFileReference; lastKnownFileType = sourcecode.swift; path = PersistenceManager.swift; sourceTree = "<group>"; };
		FD651E6428E25A0000429B40 /* MenuViewModel.swift */ = {isa = PBXFileReference; lastKnownFileType = sourcecode.swift; path = MenuViewModel.swift; sourceTree = "<group>"; };
		FD7D7E7E28F0B98C00AC0DC7 /* Response.swift */ = {isa = PBXFileReference; lastKnownFileType = sourcecode.swift; path = Response.swift; sourceTree = "<group>"; };
		FD7D7E8028F0BDDA00AC0DC7 /* NetworkManager.swift */ = {isa = PBXFileReference; lastKnownFileType = sourcecode.swift; path = NetworkManager.swift; sourceTree = "<group>"; };
		FD9D7B0028B29DB7006D7862 /* DK's Kitchen.app */ = {isa = PBXFileReference; explicitFileType = wrapper.application; includeInIndex = 0; path = "DK's Kitchen.app"; sourceTree = BUILT_PRODUCTS_DIR; };
		FD9D7B0328B29DB7006D7862 /* GoodEatingApp.swift */ = {isa = PBXFileReference; lastKnownFileType = sourcecode.swift; path = GoodEatingApp.swift; sourceTree = "<group>"; };
		FD9D7B0728B29DB9006D7862 /* Assets.xcassets */ = {isa = PBXFileReference; lastKnownFileType = folder.assetcatalog; path = Assets.xcassets; sourceTree = "<group>"; };
		FD9D7B0A28B29DB9006D7862 /* Preview Assets.xcassets */ = {isa = PBXFileReference; lastKnownFileType = folder.assetcatalog; path = "Preview Assets.xcassets"; sourceTree = "<group>"; };
		FD9D7B1428B2AFAD006D7862 /* README.md */ = {isa = PBXFileReference; lastKnownFileType = net.daringfireball.markdown; path = README.md; sourceTree = "<group>"; };
		FD9D7B1628B2B5C4006D7862 /* HomeView.swift */ = {isa = PBXFileReference; lastKnownFileType = sourcecode.swift; path = HomeView.swift; sourceTree = "<group>"; };
		FD9D7B1A28B2BE10006D7862 /* OnboardingView.swift */ = {isa = PBXFileReference; lastKnownFileType = sourcecode.swift; path = OnboardingView.swift; sourceTree = "<group>"; };
		FD9D7B1F28B2C00B006D7862 /* TextViews.swift */ = {isa = PBXFileReference; lastKnownFileType = sourcecode.swift; path = TextViews.swift; sourceTree = "<group>"; };
		FD9D7B2128B2C30E006D7862 /* Constants.swift */ = {isa = PBXFileReference; lastKnownFileType = sourcecode.swift; path = Constants.swift; sourceTree = "<group>"; };
		FDA813E128CD813100EF83B9 /* MenuItemCell.swift */ = {isa = PBXFileReference; lastKnownFileType = sourcecode.swift; path = MenuItemCell.swift; sourceTree = "<group>"; };
		FDA813E328CD924800EF83B9 /* DetailView.swift */ = {isa = PBXFileReference; lastKnownFileType = sourcecode.swift; path = DetailView.swift; sourceTree = "<group>"; };
		FDBD3EF528D795F7008362A6 /* AppTabView.swift */ = {isa = PBXFileReference; lastKnownFileType = sourcecode.swift; path = AppTabView.swift; sourceTree = "<group>"; };
		FDBD3EF928D79621008362A6 /* OrderView.swift */ = {isa = PBXFileReference; lastKnownFileType = sourcecode.swift; path = OrderView.swift; sourceTree = "<group>"; };
		FDBD3EFB28D797D8008362A6 /* FavoritesView.swift */ = {isa = PBXFileReference; lastKnownFileType = sourcecode.swift; path = FavoritesView.swift; sourceTree = "<group>"; };
		FDDA8C7228C893C600EFC570 /* Menu.swift */ = {isa = PBXFileReference; lastKnownFileType = sourcecode.swift; path = Menu.swift; sourceTree = "<group>"; };
		FDDA8C7428C893E500EFC570 /* OrderViewModel.swift */ = {isa = PBXFileReference; lastKnownFileType = sourcecode.swift; path = OrderViewModel.swift; sourceTree = "<group>"; };
		FDDC5F1128F34D8000EDC17B /* Launch Screen.storyboard */ = {isa = PBXFileReference; lastKnownFileType = file.storyboard; path = "Launch Screen.storyboard"; sourceTree = "<group>"; };
		FDDC5F1428F3507300EDC17B /* AppTabViewModel.swift */ = {isa = PBXFileReference; lastKnownFileType = sourcecode.swift; path = AppTabViewModel.swift; sourceTree = "<group>"; };
/* End PBXFileReference section */

/* Begin PBXFrameworksBuildPhase section */
		FD9D7AFD28B29DB7006D7862 /* Frameworks */ = {
			isa = PBXFrameworksBuildPhase;
			buildActionMask = 2147483647;
			files = (
			);
			runOnlyForDeploymentPostprocessing = 0;
		};
/* End PBXFrameworksBuildPhase section */

/* Begin PBXGroup section */
		FD5F7BC528E24AB900CDABA4 /* Menu View */ = {
			isa = PBXGroup;
			children = (
				FD9D7B1628B2B5C4006D7862 /* HomeView.swift */,
				FD651E6428E25A0000429B40 /* MenuViewModel.swift */,
			);
			path = "Menu View";
			sourceTree = "<group>";
		};
		FD7C6A3528E1E18F002AACD0 /* Order View */ = {
			isa = PBXGroup;
			children = (
				FDDA8C7428C893E500EFC570 /* OrderViewModel.swift */,
				FDBD3EF928D79621008362A6 /* OrderView.swift */,
			);
			path = "Order View";
			sourceTree = "<group>";
		};
		FD7C6A3628E1E1B6002AACD0 /* Favorites View */ = {
			isa = PBXGroup;
			children = (
				FD0A57C728D7D259000347EA /* FavoritesViewModel.swift */,
				FDBD3EFB28D797D8008362A6 /* FavoritesView.swift */,
			);
			path = "Favorites View";
			sourceTree = "<group>";
		};
		FD9D7AF728B29DB7006D7862 = {
			isa = PBXGroup;
			children = (
				FD9D7B1428B2AFAD006D7862 /* README.md */,
				FD9D7B0228B29DB7006D7862 /* GoodEating */,
				FD9D7B0128B29DB7006D7862 /* Products */,
			);
			sourceTree = "<group>";
		};
		FD9D7B0128B29DB7006D7862 /* Products */ = {
			isa = PBXGroup;
			children = (
				FD9D7B0028B29DB7006D7862 /* DK's Kitchen.app */,
			);
			name = Products;
			sourceTree = "<group>";
		};
		FD9D7B0228B29DB7006D7862 /* GoodEating */ = {
			isa = PBXGroup;
			children = (
				FD9D7B1928B2B6D7006D7862 /* App */,
				FD9D7B1828B2B6C2006D7862 /* Utils */,
				FDDA8C7128C893B200EFC570 /* Model */,
				FD9D7B1C28B2BFD1006D7862 /* Custom Views */,
				FD9D7B1528B2B4A7006D7862 /* Screens */,
				FD9D7B0928B29DB9006D7862 /* Preview Content */,
			);
			path = GoodEating;
			sourceTree = "<group>";
		};
		FD9D7B0928B29DB9006D7862 /* Preview Content */ = {
			isa = PBXGroup;
			children = (
				FD9D7B0A28B29DB9006D7862 /* Preview Assets.xcassets */,
			);
			path = "Preview Content";
			sourceTree = "<group>";
		};
		FD9D7B1528B2B4A7006D7862 /* Screens */ = {
			isa = PBXGroup;
			children = (
				FDDC5F1328F3505700EDC17B /* App Tab View */,
				FD5F7BC528E24AB900CDABA4 /* Menu View */,
				FDA813E328CD924800EF83B9 /* DetailView.swift */,
				FD9D7B1A28B2BE10006D7862 /* OnboardingView.swift */,
				FD7C6A3528E1E18F002AACD0 /* Order View */,
				FD7C6A3628E1E1B6002AACD0 /* Favorites View */,
			);
			path = Screens;
			sourceTree = "<group>";
		};
		FD9D7B1828B2B6C2006D7862 /* Utils */ = {
			isa = PBXGroup;
			children = (
				FD9D7B2128B2C30E006D7862 /* Constants.swift */,
				FD7D7E8028F0BDDA00AC0DC7 /* NetworkManager.swift */,
				FD42F95128FBB84100432616 /* PersistenceManager.swift */,
			);
			path = Utils;
			sourceTree = "<group>";
		};
		FD9D7B1928B2B6D7006D7862 /* App */ = {
			isa = PBXGroup;
			children = (
				FD9D7B0728B29DB9006D7862 /* Assets.xcassets */,
				FDDC5F1128F34D8000EDC17B /* Launch Screen.storyboard */,
				FD9D7B0328B29DB7006D7862 /* GoodEatingApp.swift */,
			);
			path = App;
			sourceTree = "<group>";
		};
		FD9D7B1C28B2BFD1006D7862 /* Custom Views */ = {
			isa = PBXGroup;
			children = (
				FD9D7B1F28B2C00B006D7862 /* TextViews.swift */,
				FDA813E128CD813100EF83B9 /* MenuItemCell.swift */,
			);
			path = "Custom Views";
			sourceTree = "<group>";
		};
		FDDA8C7128C893B200EFC570 /* Model */ = {
			isa = PBXGroup;
			children = (
				FDDA8C7228C893C600EFC570 /* Menu.swift */,
				FD7D7E7E28F0B98C00AC0DC7 /* Response.swift */,
			);
			path = Model;
			sourceTree = "<group>";
		};
		FDDC5F1328F3505700EDC17B /* App Tab View */ = {
			isa = PBXGroup;
			children = (
				FDBD3EF528D795F7008362A6 /* AppTabView.swift */,
				FDDC5F1428F3507300EDC17B /* AppTabViewModel.swift */,
			);
			path = "App Tab View";
			sourceTree = "<group>";
		};
/* End PBXGroup section */

/* Begin PBXNativeTarget section */
		FD9D7AFF28B29DB7006D7862 /* GoodEating */ = {
			isa = PBXNativeTarget;
			buildConfigurationList = FD9D7B0E28B29DB9006D7862 /* Build configuration list for PBXNativeTarget "GoodEating" */;
			buildPhases = (
				FD9D7AFC28B29DB7006D7862 /* Sources */,
				FD9D7AFD28B29DB7006D7862 /* Frameworks */,
				FD9D7AFE28B29DB7006D7862 /* Resources */,
			);
			buildRules = (
			);
			dependencies = (
			);
			name = GoodEating;
			productName = GoodEating;
			productReference = FD9D7B0028B29DB7006D7862 /* DK's Kitchen.app */;
			productType = "com.apple.product-type.application";
		};
/* End PBXNativeTarget section */

/* Begin PBXProject section */
		FD9D7AF828B29DB7006D7862 /* Project object */ = {
			isa = PBXProject;
			attributes = {
				BuildIndependentTargetsInParallel = 1;
				LastSwiftUpdateCheck = 1340;
				LastUpgradeCheck = 1340;
				TargetAttributes = {
					FD9D7AFF28B29DB7006D7862 = {
						CreatedOnToolsVersion = 13.4.1;
					};
				};
			};
			buildConfigurationList = FD9D7AFB28B29DB7006D7862 /* Build configuration list for PBXProject "GoodEating" */;
			compatibilityVersion = "Xcode 13.0";
			developmentRegion = en;
			hasScannedForEncodings = 0;
			knownRegions = (
				en,
				Base,
			);
			mainGroup = FD9D7AF728B29DB7006D7862;
			productRefGroup = FD9D7B0128B29DB7006D7862 /* Products */;
			projectDirPath = "";
			projectRoot = "";
			targets = (
				FD9D7AFF28B29DB7006D7862 /* GoodEating */,
			);
		};
/* End PBXProject section */

/* Begin PBXResourcesBuildPhase section */
		FD9D7AFE28B29DB7006D7862 /* Resources */ = {
			isa = PBXResourcesBuildPhase;
			buildActionMask = 2147483647;
			files = (
				FDDC5F1228F34D8000EDC17B /* Launch Screen.storyboard in Resources */,
				FD9D7B0B28B29DB9006D7862 /* Preview Assets.xcassets in Resources */,
				FD9D7B0828B29DB9006D7862 /* Assets.xcassets in Resources */,
			);
			runOnlyForDeploymentPostprocessing = 0;
		};
/* End PBXResourcesBuildPhase section */

/* Begin PBXSourcesBuildPhase section */
		FD9D7AFC28B29DB7006D7862 /* Sources */ = {
			isa = PBXSourcesBuildPhase;
			buildActionMask = 2147483647;
			files = (
				FDDC5F1528F3507300EDC17B /* AppTabViewModel.swift in Sources */,
				FDDA8C7328C893C600EFC570 /* Menu.swift in Sources */,
				FD0A57C828D7D259000347EA /* FavoritesViewModel.swift in Sources */,
				FD9D7B2228B2C30E006D7862 /* Constants.swift in Sources */,
				FD651E6528E25A0000429B40 /* MenuViewModel.swift in Sources */,
				FDBD3EFC28D797D8008362A6 /* FavoritesView.swift in Sources */,
				FDBD3EFA28D79621008362A6 /* OrderView.swift in Sources */,
				FD9D7B1B28B2BE10006D7862 /* OnboardingView.swift in Sources */,
				FDA813E428CD924800EF83B9 /* DetailView.swift in Sources */,
				FD7D7E7F28F0B98C00AC0DC7 /* Response.swift in Sources */,
				FD9D7B2028B2C00B006D7862 /* TextViews.swift in Sources */,
				FD7D7E8128F0BDDA00AC0DC7 /* NetworkManager.swift in Sources */,
				FD9D7B1728B2B5C4006D7862 /* HomeView.swift in Sources */,
				FD9D7B0428B29DB7006D7862 /* GoodEatingApp.swift in Sources */,
				FDA813E228CD813100EF83B9 /* MenuItemCell.swift in Sources */,
				FD42F95228FBB84100432616 /* PersistenceManager.swift in Sources */,
				FDDA8C7528C893E500EFC570 /* OrderViewModel.swift in Sources */,
				FDBD3EF628D795F7008362A6 /* AppTabView.swift in Sources */,
			);
			runOnlyForDeploymentPostprocessing = 0;
		};
/* End PBXSourcesBuildPhase section */

/* Begin XCBuildConfiguration section */
		FD9D7B0C28B29DB9006D7862 /* Debug */ = {
			isa = XCBuildConfiguration;
			buildSettings = {
				ALWAYS_SEARCH_USER_PATHS = NO;
				CLANG_ANALYZER_NONNULL = YES;
				CLANG_ANALYZER_NUMBER_OBJECT_CONVERSION = YES_AGGRESSIVE;
				CLANG_CXX_LANGUAGE_STANDARD = "gnu++17";
				CLANG_ENABLE_MODULES = YES;
				CLANG_ENABLE_OBJC_ARC = YES;
				CLANG_ENABLE_OBJC_WEAK = YES;
				CLANG_WARN_BLOCK_CAPTURE_AUTORELEASING = YES;
				CLANG_WARN_BOOL_CONVERSION = YES;
				CLANG_WARN_COMMA = YES;
				CLANG_WARN_CONSTANT_CONVERSION = YES;
				CLANG_WARN_DEPRECATED_OBJC_IMPLEMENTATIONS = YES;
				CLANG_WARN_DIRECT_OBJC_ISA_USAGE = YES_ERROR;
				CLANG_WARN_DOCUMENTATION_COMMENTS = YES;
				CLANG_WARN_EMPTY_BODY = YES;
				CLANG_WARN_ENUM_CONVERSION = YES;
				CLANG_WARN_INFINITE_RECURSION = YES;
				CLANG_WARN_INT_CONVERSION = YES;
				CLANG_WARN_NON_LITERAL_NULL_CONVERSION = YES;
				CLANG_WARN_OBJC_IMPLICIT_RETAIN_SELF = YES;
				CLANG_WARN_OBJC_LITERAL_CONVERSION = YES;
				CLANG_WARN_OBJC_ROOT_CLASS = YES_ERROR;
				CLANG_WARN_QUOTED_INCLUDE_IN_FRAMEWORK_HEADER = YES;
				CLANG_WARN_RANGE_LOOP_ANALYSIS = YES;
				CLANG_WARN_STRICT_PROTOTYPES = YES;
				CLANG_WARN_SUSPICIOUS_MOVE = YES;
				CLANG_WARN_UNGUARDED_AVAILABILITY = YES_AGGRESSIVE;
				CLANG_WARN_UNREACHABLE_CODE = YES;
				CLANG_WARN__DUPLICATE_METHOD_MATCH = YES;
				COPY_PHASE_STRIP = NO;
				DEBUG_INFORMATION_FORMAT = dwarf;
				ENABLE_STRICT_OBJC_MSGSEND = YES;
				ENABLE_TESTABILITY = YES;
				GCC_C_LANGUAGE_STANDARD = gnu11;
				GCC_DYNAMIC_NO_PIC = NO;
				GCC_NO_COMMON_BLOCKS = YES;
				GCC_OPTIMIZATION_LEVEL = 0;
				GCC_PREPROCESSOR_DEFINITIONS = (
					"DEBUG=1",
					"$(inherited)",
				);
				GCC_WARN_64_TO_32_BIT_CONVERSION = YES;
				GCC_WARN_ABOUT_RETURN_TYPE = YES_ERROR;
				GCC_WARN_UNDECLARED_SELECTOR = YES;
				GCC_WARN_UNINITIALIZED_AUTOS = YES_AGGRESSIVE;
				GCC_WARN_UNUSED_FUNCTION = YES;
				GCC_WARN_UNUSED_VARIABLE = YES;
				IPHONEOS_DEPLOYMENT_TARGET = 15.5;
				MTL_ENABLE_DEBUG_INFO = INCLUDE_SOURCE;
				MTL_FAST_MATH = YES;
				ONLY_ACTIVE_ARCH = YES;
				SDKROOT = iphoneos;
				SWIFT_ACTIVE_COMPILATION_CONDITIONS = DEBUG;
				SWIFT_OPTIMIZATION_LEVEL = "-Onone";
			};
			name = Debug;
		};
		FD9D7B0D28B29DB9006D7862 /* Release */ = {
			isa = XCBuildConfiguration;
			buildSettings = {
				ALWAYS_SEARCH_USER_PATHS = NO;
				CLANG_ANALYZER_NONNULL = YES;
				CLANG_ANALYZER_NUMBER_OBJECT_CONVERSION = YES_AGGRESSIVE;
				CLANG_CXX_LANGUAGE_STANDARD = "gnu++17";
				CLANG_ENABLE_MODULES = YES;
				CLANG_ENABLE_OBJC_ARC = YES;
				CLANG_ENABLE_OBJC_WEAK = YES;
				CLANG_WARN_BLOCK_CAPTURE_AUTORELEASING = YES;
				CLANG_WARN_BOOL_CONVERSION = YES;
				CLANG_WARN_COMMA = YES;
				CLANG_WARN_CONSTANT_CONVERSION = YES;
				CLANG_WARN_DEPRECATED_OBJC_IMPLEMENTATIONS = YES;
				CLANG_WARN_DIRECT_OBJC_ISA_USAGE = YES_ERROR;
				CLANG_WARN_DOCUMENTATION_COMMENTS = YES;
				CLANG_WARN_EMPTY_BODY = YES;
				CLANG_WARN_ENUM_CONVERSION = YES;
				CLANG_WARN_INFINITE_RECURSION = YES;
				CLANG_WARN_INT_CONVERSION = YES;
				CLANG_WARN_NON_LITERAL_NULL_CONVERSION = YES;
				CLANG_WARN_OBJC_IMPLICIT_RETAIN_SELF = YES;
				CLANG_WARN_OBJC_LITERAL_CONVERSION = YES;
				CLANG_WARN_OBJC_ROOT_CLASS = YES_ERROR;
				CLANG_WARN_QUOTED_INCLUDE_IN_FRAMEWORK_HEADER = YES;
				CLANG_WARN_RANGE_LOOP_ANALYSIS = YES;
				CLANG_WARN_STRICT_PROTOTYPES = YES;
				CLANG_WARN_SUSPICIOUS_MOVE = YES;
				CLANG_WARN_UNGUARDED_AVAILABILITY = YES_AGGRESSIVE;
				CLANG_WARN_UNREACHABLE_CODE = YES;
				CLANG_WARN__DUPLICATE_METHOD_MATCH = YES;
				COPY_PHASE_STRIP = NO;
				DEBUG_INFORMATION_FORMAT = "dwarf-with-dsym";
				ENABLE_NS_ASSERTIONS = NO;
				ENABLE_STRICT_OBJC_MSGSEND = YES;
				GCC_C_LANGUAGE_STANDARD = gnu11;
				GCC_NO_COMMON_BLOCKS = YES;
				GCC_WARN_64_TO_32_BIT_CONVERSION = YES;
				GCC_WARN_ABOUT_RETURN_TYPE = YES_ERROR;
				GCC_WARN_UNDECLARED_SELECTOR = YES;
				GCC_WARN_UNINITIALIZED_AUTOS = YES_AGGRESSIVE;
				GCC_WARN_UNUSED_FUNCTION = YES;
				GCC_WARN_UNUSED_VARIABLE = YES;
				IPHONEOS_DEPLOYMENT_TARGET = 15.5;
				MTL_ENABLE_DEBUG_INFO = NO;
				MTL_FAST_MATH = YES;
				SDKROOT = iphoneos;
				SWIFT_COMPILATION_MODE = wholemodule;
				SWIFT_OPTIMIZATION_LEVEL = "-O";
				VALIDATE_PRODUCT = YES;
			};
			name = Release;
		};
		FD9D7B0F28B29DB9006D7862 /* Debug */ = {
			isa = XCBuildConfiguration;
			buildSettings = {
				ASSETCATALOG_COMPILER_APPICON_NAME = AppIcon;
				ASSETCATALOG_COMPILER_GLOBAL_ACCENT_COLOR_NAME = AccentColor;
				CODE_SIGN_STYLE = Automatic;
				CURRENT_PROJECT_VERSION = 1;
				DEVELOPMENT_ASSET_PATHS = "\"GoodEating/Preview Content\"";
				DEVELOPMENT_TEAM = WD9RGBDJX8;
				ENABLE_PREVIEWS = YES;
				GENERATE_INFOPLIST_FILE = YES;
				INFOPLIST_FILE = GoodEating/Info.plist;
				INFOPLIST_KEY_CFBundleDisplayName = "";
				INFOPLIST_KEY_LSApplicationCategoryType = "";
				INFOPLIST_KEY_UIApplicationSceneManifest_Generation = YES;
				INFOPLIST_KEY_UIApplicationSupportsIndirectInputEvents = YES;
				INFOPLIST_KEY_UILaunchScreen_Generation = YES;
				INFOPLIST_KEY_UILaunchStoryboardName = "Launch Screen.storyboard";
				INFOPLIST_KEY_UISupportedInterfaceOrientations = "UIInterfaceOrientationPortrait UIInterfaceOrientationPortraitUpsideDown UIInterfaceOrientationLandscapeLeft UIInterfaceOrientationLandscapeRight";
				INFOPLIST_KEY_UISupportedInterfaceOrientations_iPad = "UIInterfaceOrientationPortrait UIInterfaceOrientationPortraitUpsideDown UIInterfaceOrientationLandscapeLeft UIInterfaceOrientationLandscapeRight";
				INFOPLIST_KEY_UISupportedInterfaceOrientations_iPhone = "UIInterfaceOrientationPortrait UIInterfaceOrientationLandscapeLeft UIInterfaceOrientationLandscapeRight";
				LD_RUNPATH_SEARCH_PATHS = (
					"$(inherited)",
					"@executable_path/Frameworks",
				);
				MARKETING_VERSION = 1.0;
				PRODUCT_BUNDLE_IDENTIFIER = io.compilery.GoodEating;
				PRODUCT_NAME = "DK's Kitchen";
				SWIFT_EMIT_LOC_STRINGS = YES;
				SWIFT_VERSION = 5.0;
				TARGETED_DEVICE_FAMILY = "1,2";
			};
			name = Debug;
		};
		FD9D7B1028B29DB9006D7862 /* Release */ = {
			isa = XCBuildConfiguration;
			buildSettings = {
				ASSETCATALOG_COMPILER_APPICON_NAME = AppIcon;
				ASSETCATALOG_COMPILER_GLOBAL_ACCENT_COLOR_NAME = AccentColor;
				CODE_SIGN_STYLE = Automatic;
				CURRENT_PROJECT_VERSION = 1;
				DEVELOPMENT_ASSET_PATHS = "\"GoodEating/Preview Content\"";
				DEVELOPMENT_TEAM = WD9RGBDJX8;
				ENABLE_PREVIEWS = YES;
				GENERATE_INFOPLIST_FILE = YES;
				INFOPLIST_FILE = GoodEating/Info.plist;
				INFOPLIST_KEY_CFBundleDisplayName = "";
				INFOPLIST_KEY_LSApplicationCategoryType = "";
				INFOPLIST_KEY_UIApplicationSceneManifest_Generation = YES;
				INFOPLIST_KEY_UIApplicationSupportsIndirectInputEvents = YES;
				INFOPLIST_KEY_UILaunchScreen_Generation = YES;
				INFOPLIST_KEY_UILaunchStoryboardName = "Launch Screen.storyboard";
				INFOPLIST_KEY_UISupportedInterfaceOrientations = "UIInterfaceOrientationPortrait UIInterfaceOrientationPortraitUpsideDown UIInterfaceOrientationLandscapeLeft UIInterfaceOrientationLandscapeRight";
				INFOPLIST_KEY_UISupportedInterfaceOrientations_iPad = "UIInterfaceOrientationPortrait UIInterfaceOrientationPortraitUpsideDown UIInterfaceOrientationLandscapeLeft UIInterfaceOrientationLandscapeRight";
				INFOPLIST_KEY_UISupportedInterfaceOrientations_iPhone = "UIInterfaceOrientationPortrait UIInterfaceOrientationLandscapeLeft UIInterfaceOrientationLandscapeRight";
				LD_RUNPATH_SEARCH_PATHS = (
					"$(inherited)",
					"@executable_path/Frameworks",
				);
				MARKETING_VERSION = 1.0;
				PRODUCT_BUNDLE_IDENTIFIER = io.compilery.GoodEating;
				PRODUCT_NAME = "DK's Kitchen";
				SWIFT_EMIT_LOC_STRINGS = YES;
				SWIFT_VERSION = 5.0;
				TARGETED_DEVICE_FAMILY = "1,2";
			};
			name = Release;
		};
/* End XCBuildConfiguration section */

/* Begin XCConfigurationList section */
		FD9D7AFB28B29DB7006D7862 /* Build configuration list for PBXProject "GoodEating" */ = {
			isa = XCConfigurationList;
			buildConfigurations = (
				FD9D7B0C28B29DB9006D7862 /* Debug */,
				FD9D7B0D28B29DB9006D7862 /* Release */,
			);
			defaultConfigurationIsVisible = 0;
			defaultConfigurationName = Release;
		};
		FD9D7B0E28B29DB9006D7862 /* Build configuration list for PBXNativeTarget "GoodEating" */ = {
			isa = XCConfigurationList;
			buildConfigurations = (
				FD9D7B0F28B29DB9006D7862 /* Debug */,
				FD9D7B1028B29DB9006D7862 /* Release */,
			);
			defaultConfigurationIsVisible = 0;
			defaultConfigurationName = Release;
		};
/* End XCConfigurationList section */
	};
	rootObject = FD9D7AF828B29DB7006D7862 /* Project object */;
}
